
Microsoft Visual Studio Solution File, Format Version 12.00
# Visual Studio 15
VisualStudioVersion = 15.0.28307.539
MinimumVisualStudioVersion = 10.0.40219.1
Project("{FAE04EC0-301F-11D3-BF4B-00C04F79EFBC}") = "odata.portal", "odata.portal\odata.portal.csproj", "{8D464572-BED5-45D6-8B4D-06B11039EBC2}"
EndProject
Global
	GlobalSection(SolutionConfigurationPlatforms) = preSolution
		Debug|Any CPU = Debug|Any CPU
		Release|Any CPU = Release|Any CPU
	EndGlobalSection
	GlobalSection(ProjectConfigurationPlatforms) = postSolution
		{8D464572-BED5-45D6-8B4D-06B11039EBC2}.Debug|Any CPU.ActiveCfg = Debug|Any CPU
		{8D464572-BED5-45D6-8B4D-06B11039EBC2}.Debug|Any CPU.Build.0 = Debug|Any CPU
		{8D464572-BED5-45D6-8B4D-06B11039EBC2}.Release|Any CPU.ActiveCfg = Release|Any CPU
		{8D464572-BED5-45D6-8B4D-06B11039EBC2}.Release|Any CPU.Build.0 = Release|Any CPU
	EndGlobalSection
	GlobalSection(SolutionProperties) = preSolution
		HideSolutionNode = FALSE
	EndGlobalSection
	GlobalSection(ExtensibilityGlobals) = postSolution
		SolutionGuid = {6A46F73E-292A-45F9-965E-4CDF5D4A4CA8}
	EndGlobalSection
EndGlobal
